<Solution>
  <Configurations>
    <Platform Name="x64" />
  </Configurations>
  <Project Path="engine/src/Engine.vcxproj" Id="537aa260-fea5-49ac-a79e-e79bf6ae966b" />
  <Folder Name="/lib/">
    <Project Path="lib/Lucide/src/Lucide.csproj">
      <Platform Solution="*|x64" Project="x64" />
    </Project>
    <Project Path="lib/TableView/src/TableView.csproj">
      <Platform Solution="*|x64" Project="x64" />
    </Project>
    <Project Path="lib/TableView/tests/TableViewTests.csproj">
      <Platform Solution="*|x64" Project="x64" />
    </Project>
    <Project Path="lib/TableView/sample/TableViewSample.csproj">
      <Platform Solution="*|x64" Project="x64" />
    </Project>
  </Folder>
</Solution>
